{
  "name": "rspc",
  "version": "0.0.0",
  "lockfileVersion": 3,
  "requires": true,
  "packages": {
    "": {
      "name": "rspc",
      "version": "0.0.0",
      "license": "MIT",
      "engines": {
        "node": ">=16.0.0",
        "npm": "pnpm",
        "pnpm": ">=7.0.0",
        "yarn": "pnpm"
      }
    }
  }
}
